
Microsoft Visual Studio Solution File, Format Version 12.00
# Visual Studio Version 17
VisualStudioVersion = 17.3.32929.385
MinimumVisualStudioVersion = 10.0.40219.1
Project("{2150E333-8FDC-42A3-9474-1A3956D46DE8}") = "src", "src", "{F7730884-F034-43AB-BF31-56754A95F38E}"
EndProject
Project("{FAE04EC0-301F-11D3-BF4B-00C04F79EFBC}") = "Domain", "Domain\Domain.csproj", "{CEC69CE8-D0A5-42F4-8F30-06650C6BD67A}"
EndProject
Project("{FAE04EC0-301F-11D3-BF4B-00C04F79EFBC}") = "Application", "Application\Application.csproj", "{9B7AF05B-F0C0-47A2-AFC4-F06DE8E4492B}"
EndProject
Project("{FAE04EC0-301F-11D3-BF4B-00C04F79EFBC}") = "Infrastructure", "Infrastructure\Infrastructure.csproj", "{866E3BAD-7B44-460D-BF2D-B435F1FCB945}"
EndProject
Project("{FAE04EC0-301F-11D3-BF4B-00C04F79EFBC}") = "WebAPI", "WebAPI\WebAPI.csproj", "{21AE4165-188C-4740-AF4F-B5E2BF6311B1}"
EndProject
Global
	GlobalSection(SolutionConfigurationPlatforms) = preSolution
		Debug|Any CPU = Debug|Any CPU
		Release|Any CPU = Release|Any CPU
	EndGlobalSection
	GlobalSection(ProjectConfigurationPlatforms) = postSolution
		{CEC69CE8-D0A5-42F4-8F30-06650C6BD67A}.Debug|Any CPU.ActiveCfg = Debug|Any CPU
		{CEC69CE8-D0A5-42F4-8F30-06650C6BD67A}.Debug|Any CPU.Build.0 = Debug|Any CPU
		{CEC69CE8-D0A5-42F4-8F30-06650C6BD67A}.Release|Any CPU.ActiveCfg = Release|Any CPU
		{CEC69CE8-D0A5-42F4-8F30-06650C6BD67A}.Release|Any CPU.Build.0 = Release|Any CPU
		{9B7AF05B-F0C0-47A2-AFC4-F06DE8E4492B}.Debug|Any CPU.ActiveCfg = Debug|Any CPU
		{9B7AF05B-F0C0-47A2-AFC4-F06DE8E4492B}.Debug|Any CPU.Build.0 = Debug|Any CPU
		{9B7AF05B-F0C0-47A2-AFC4-F06DE8E4492B}.Release|Any CPU.ActiveCfg = Release|Any CPU
		{9B7AF05B-F0C0-47A2-AFC4-F06DE8E4492B}.Release|Any CPU.Build.0 = Release|Any CPU
		{866E3BAD-7B44-460D-BF2D-B435F1FCB945}.Debug|Any CPU.ActiveCfg = Debug|Any CPU
		{866E3BAD-7B44-460D-BF2D-B435F1FCB945}.Debug|Any CPU.Build.0 = Debug|Any CPU
		{866E3BAD-7B44-460D-BF2D-B435F1FCB945}.Release|Any CPU.ActiveCfg = Release|Any CPU
		{866E3BAD-7B44-460D-BF2D-B435F1FCB945}.Release|Any CPU.Build.0 = Release|Any CPU
		{21AE4165-188C-4740-AF4F-B5E2BF6311B1}.Debug|Any CPU.ActiveCfg = Debug|Any CPU
		{21AE4165-188C-4740-AF4F-B5E2BF6311B1}.Debug|Any CPU.Build.0 = Debug|Any CPU
		{21AE4165-188C-4740-AF4F-B5E2BF6311B1}.Release|Any CPU.ActiveCfg = Release|Any CPU
		{21AE4165-188C-4740-AF4F-B5E2BF6311B1}.Release|Any CPU.Build.0 = Release|Any CPU
	EndGlobalSection
	GlobalSection(SolutionProperties) = preSolution
		HideSolutionNode = FALSE
	EndGlobalSection
	GlobalSection(NestedProjects) = preSolution
		{CEC69CE8-D0A5-42F4-8F30-06650C6BD67A} = {F7730884-F034-43AB-BF31-56754A95F38E}
		{9B7AF05B-F0C0-47A2-AFC4-F06DE8E4492B} = {F7730884-F034-43AB-BF31-56754A95F38E}
		{866E3BAD-7B44-460D-BF2D-B435F1FCB945} = {F7730884-F034-43AB-BF31-56754A95F38E}
		{21AE4165-188C-4740-AF4F-B5E2BF6311B1} = {F7730884-F034-43AB-BF31-56754A95F38E}
	EndGlobalSection
	GlobalSection(ExtensibilityGlobals) = postSolution
		SolutionGuid = {FF9313C0-8B32-49B3-8F9E-F306D171E624}
	EndGlobalSection
EndGlobal
