
Microsoft Visual Studio Solution File, Format Version 12.00
# Visual Studio Version 17
VisualStudioVersion = 17.3.32929.385
MinimumVisualStudioVersion = 10.0.40219.1
Project("{FAE04EC0-301F-11D3-BF4B-00C04F79EFBC}") = "restApiProgram", "restApiProgram\restApiProgram.csproj", "{73E400C7-E8D8-4C84-BB10-565BC9E70DEC}"
EndProject
Global
	GlobalSection(SolutionConfigurationPlatforms) = preSolution
		Debug|Any CPU = Debug|Any CPU
		Release|Any CPU = Release|Any CPU
	EndGlobalSection
	GlobalSection(ProjectConfigurationPlatforms) = postSolution
		{73E400C7-E8D8-4C84-BB10-565BC9E70DEC}.Debug|Any CPU.ActiveCfg = Debug|Any CPU
		{73E400C7-E8D8-4C84-BB10-565BC9E70DEC}.Debug|Any CPU.Build.0 = Debug|Any CPU
		{73E400C7-E8D8-4C84-BB10-565BC9E70DEC}.Release|Any CPU.ActiveCfg = Release|Any CPU
		{73E400C7-E8D8-4C84-BB10-565BC9E70DEC}.Release|Any CPU.Build.0 = Release|Any CPU
	EndGlobalSection
	GlobalSection(SolutionProperties) = preSolution
		HideSolutionNode = FALSE
	EndGlobalSection
	GlobalSection(ExtensibilityGlobals) = postSolution
		SolutionGuid = {5D730D67-74D3-4C89-A1A1-94CD9D98DA0D}
	EndGlobalSection
EndGlobal
